
Microsoft Visual Studio Solution File, Format Version 12.00
# Visual Studio 15
VisualStudioVersion = 15.0.28010.2026
MinimumVisualStudioVersion = 10.0.40219.1
Project("{FAE04EC0-301F-11D3-BF4B-00C04F79EFBC}") = "IT1050Fall2018JoshDaumLab09", "IT1050Fall2018JoshDaumLab09\IT1050Fall2018JoshDaumLab09.csproj", "{668F9FCC-8784-49AE-82F1-38A47F01CED8}"
EndProject
Global
	GlobalSection(SolutionConfigurationPlatforms) = preSolution
		Debug|Any CPU = Debug|Any CPU
		Release|Any CPU = Release|Any CPU
	EndGlobalSection
	GlobalSection(ProjectConfigurationPlatforms) = postSolution
		{668F9FCC-8784-49AE-82F1-38A47F01CED8}.Debug|Any CPU.ActiveCfg = Debug|Any CPU
		{668F9FCC-8784-49AE-82F1-38A47F01CED8}.Debug|Any CPU.Build.0 = Debug|Any CPU
		{668F9FCC-8784-49AE-82F1-38A47F01CED8}.Release|Any CPU.ActiveCfg = Release|Any CPU
		{668F9FCC-8784-49AE-82F1-38A47F01CED8}.Release|Any CPU.Build.0 = Release|Any CPU
	EndGlobalSection
	GlobalSection(SolutionProperties) = preSolution
		HideSolutionNode = FALSE
	EndGlobalSection
	GlobalSection(ExtensibilityGlobals) = postSolution
		SolutionGuid = {DB76F42B-5920-48AA-A74C-864F48451C3D}
	EndGlobalSection
EndGlobal
